
Microsoft Visual Studio Solution File, Format Version 12.00
# Visual Studio Version 16
VisualStudioVersion = 16.0.31911.196
MinimumVisualStudioVersion = 10.0.40219.1
Project("{9A19103F-16F7-4668-BE54-9A1E7A4F7556}") = "Pronunciacion", "Pronunciacion\Pronunciacion.csproj", "{9B727FB8-B5EA-4A05-B737-0931B7B5A30D}"
EndProject
Project("{FAE04EC0-301F-11D3-BF4B-00C04F79EFBC}") = "PruebasMSTest", "PruebasMSTest\PruebasMSTest.csproj", "{95898CC9-36D3-4930-920E-8030A210B281}"
EndProject
Global
	GlobalSection(SolutionConfigurationPlatforms) = preSolution
		Debug|Any CPU = Debug|Any CPU
		Release|Any CPU = Release|Any CPU
	EndGlobalSection
	GlobalSection(ProjectConfigurationPlatforms) = postSolution
		{9B727FB8-B5EA-4A05-B737-0931B7B5A30D}.Debug|Any CPU.ActiveCfg = Debug|Any CPU
		{9B727FB8-B5EA-4A05-B737-0931B7B5A30D}.Debug|Any CPU.Build.0 = Debug|Any CPU
		{9B727FB8-B5EA-4A05-B737-0931B7B5A30D}.Release|Any CPU.ActiveCfg = Release|Any CPU
		{9B727FB8-B5EA-4A05-B737-0931B7B5A30D}.Release|Any CPU.Build.0 = Release|Any CPU
		{95898CC9-36D3-4930-920E-8030A210B281}.Debug|Any CPU.ActiveCfg = Debug|Any CPU
		{95898CC9-36D3-4930-920E-8030A210B281}.Debug|Any CPU.Build.0 = Debug|Any CPU
		{95898CC9-36D3-4930-920E-8030A210B281}.Release|Any CPU.ActiveCfg = Release|Any CPU
		{95898CC9-36D3-4930-920E-8030A210B281}.Release|Any CPU.Build.0 = Release|Any CPU
	EndGlobalSection
	GlobalSection(SolutionProperties) = preSolution
		HideSolutionNode = FALSE
	EndGlobalSection
	GlobalSection(ExtensibilityGlobals) = postSolution
		SolutionGuid = {60879F37-B7C8-4DB1-95CE-B7BC01E36D08}
	EndGlobalSection
EndGlobal
